
Microsoft Visual Studio Solution File, Format Version 12.00
# Visual Studio Version 17
VisualStudioVersion = 17.5.002.0
MinimumVisualStudioVersion = 10.0.40219.1
Project("{9A19103F-16F7-4668-BE54-9A1E7A4F7556}") = "Task4", "Task4.csproj", "{8FA9EE6A-2CC3-4C27-9FAA-68F66463D049}"
EndProject
Global
	GlobalSection(SolutionConfigurationPlatforms) = preSolution
		Debug|Any CPU = Debug|Any CPU
		Release|Any CPU = Release|Any CPU
	EndGlobalSection
	GlobalSection(ProjectConfigurationPlatforms) = postSolution
		{8FA9EE6A-2CC3-4C27-9FAA-68F66463D049}.Debug|Any CPU.ActiveCfg = Debug|Any CPU
		{8FA9EE6A-2CC3-4C27-9FAA-68F66463D049}.Debug|Any CPU.Build.0 = Debug|Any CPU
		{8FA9EE6A-2CC3-4C27-9FAA-68F66463D049}.Release|Any CPU.ActiveCfg = Release|Any CPU
		{8FA9EE6A-2CC3-4C27-9FAA-68F66463D049}.Release|Any CPU.Build.0 = Release|Any CPU
	EndGlobalSection
	GlobalSection(SolutionProperties) = preSolution
		HideSolutionNode = FALSE
	EndGlobalSection
	GlobalSection(ExtensibilityGlobals) = postSolution
		SolutionGuid = {A7EE0DF3-8E38-4780-8E5B-7522BFC0A261}
	EndGlobalSection
EndGlobal
