
Microsoft Visual Studio Solution File, Format Version 12.00
# Visual Studio Version 17
VisualStudioVersion = 17.5.002.0
MinimumVisualStudioVersion = 10.0.40219.1
Project("{9A19103F-16F7-4668-BE54-9A1E7A4F7556}") = "Task3", "Task3.csproj", "{5BD408CF-EFDE-485F-A27F-40376C317266}"
EndProject
Global
	GlobalSection(SolutionConfigurationPlatforms) = preSolution
		Debug|Any CPU = Debug|Any CPU
		Release|Any CPU = Release|Any CPU
	EndGlobalSection
	GlobalSection(ProjectConfigurationPlatforms) = postSolution
		{5BD408CF-EFDE-485F-A27F-40376C317266}.Debug|Any CPU.ActiveCfg = Debug|Any CPU
		{5BD408CF-EFDE-485F-A27F-40376C317266}.Debug|Any CPU.Build.0 = Debug|Any CPU
		{5BD408CF-EFDE-485F-A27F-40376C317266}.Release|Any CPU.ActiveCfg = Release|Any CPU
		{5BD408CF-EFDE-485F-A27F-40376C317266}.Release|Any CPU.Build.0 = Release|Any CPU
	EndGlobalSection
	GlobalSection(SolutionProperties) = preSolution
		HideSolutionNode = FALSE
	EndGlobalSection
	GlobalSection(ExtensibilityGlobals) = postSolution
		SolutionGuid = {22BB17EF-29A4-45B9-83DD-B01EAD0923D0}
	EndGlobalSection
EndGlobal
