
Microsoft Visual Studio Solution File, Format Version 12.00
# Visual Studio Version 17
VisualStudioVersion = 17.5.002.0
MinimumVisualStudioVersion = 10.0.40219.1
Project("{9A19103F-16F7-4668-BE54-9A1E7A4F7556}") = "Task2", "Task2.csproj", "{9D6B4C3E-0EFC-44DB-9AAB-7CA8A09E565E}"
EndProject
Global
	GlobalSection(SolutionConfigurationPlatforms) = preSolution
		Debug|Any CPU = Debug|Any CPU
		Release|Any CPU = Release|Any CPU
	EndGlobalSection
	GlobalSection(ProjectConfigurationPlatforms) = postSolution
		{9D6B4C3E-0EFC-44DB-9AAB-7CA8A09E565E}.Debug|Any CPU.ActiveCfg = Debug|Any CPU
		{9D6B4C3E-0EFC-44DB-9AAB-7CA8A09E565E}.Debug|Any CPU.Build.0 = Debug|Any CPU
		{9D6B4C3E-0EFC-44DB-9AAB-7CA8A09E565E}.Release|Any CPU.ActiveCfg = Release|Any CPU
		{9D6B4C3E-0EFC-44DB-9AAB-7CA8A09E565E}.Release|Any CPU.Build.0 = Release|Any CPU
	EndGlobalSection
	GlobalSection(SolutionProperties) = preSolution
		HideSolutionNode = FALSE
	EndGlobalSection
	GlobalSection(ExtensibilityGlobals) = postSolution
		SolutionGuid = {B96FFD1C-D3CE-486A-95DF-B036CA95C0FC}
	EndGlobalSection
EndGlobal
