
Microsoft Visual Studio Solution File, Format Version 12.00
# Visual Studio Version 17
VisualStudioVersion = 17.5.002.0
MinimumVisualStudioVersion = 10.0.40219.1
Project("{9A19103F-16F7-4668-BE54-9A1E7A4F7556}") = "Task3", "Task3.csproj", "{37E8ED73-CDEC-4F52-9CC3-04568DA316EC}"
EndProject
Global
	GlobalSection(SolutionConfigurationPlatforms) = preSolution
		Debug|Any CPU = Debug|Any CPU
		Release|Any CPU = Release|Any CPU
	EndGlobalSection
	GlobalSection(ProjectConfigurationPlatforms) = postSolution
		{37E8ED73-CDEC-4F52-9CC3-04568DA316EC}.Debug|Any CPU.ActiveCfg = Debug|Any CPU
		{37E8ED73-CDEC-4F52-9CC3-04568DA316EC}.Debug|Any CPU.Build.0 = Debug|Any CPU
		{37E8ED73-CDEC-4F52-9CC3-04568DA316EC}.Release|Any CPU.ActiveCfg = Release|Any CPU
		{37E8ED73-CDEC-4F52-9CC3-04568DA316EC}.Release|Any CPU.Build.0 = Release|Any CPU
	EndGlobalSection
	GlobalSection(SolutionProperties) = preSolution
		HideSolutionNode = FALSE
	EndGlobalSection
	GlobalSection(ExtensibilityGlobals) = postSolution
		SolutionGuid = {8784EEF7-81EC-4D1A-884E-1E8448AF5086}
	EndGlobalSection
EndGlobal
