
Microsoft Visual Studio Solution File, Format Version 12.00
# Visual Studio Version 17
VisualStudioVersion = 17.5.002.0
MinimumVisualStudioVersion = 10.0.40219.1
Project("{9A19103F-16F7-4668-BE54-9A1E7A4F7556}") = "Task2", "Task2.csproj", "{38B8A001-A3E3-41B2-9033-A8B10BF0FBA9}"
EndProject
Global
	GlobalSection(SolutionConfigurationPlatforms) = preSolution
		Debug|Any CPU = Debug|Any CPU
		Release|Any CPU = Release|Any CPU
	EndGlobalSection
	GlobalSection(ProjectConfigurationPlatforms) = postSolution
		{38B8A001-A3E3-41B2-9033-A8B10BF0FBA9}.Debug|Any CPU.ActiveCfg = Debug|Any CPU
		{38B8A001-A3E3-41B2-9033-A8B10BF0FBA9}.Debug|Any CPU.Build.0 = Debug|Any CPU
		{38B8A001-A3E3-41B2-9033-A8B10BF0FBA9}.Release|Any CPU.ActiveCfg = Release|Any CPU
		{38B8A001-A3E3-41B2-9033-A8B10BF0FBA9}.Release|Any CPU.Build.0 = Release|Any CPU
	EndGlobalSection
	GlobalSection(SolutionProperties) = preSolution
		HideSolutionNode = FALSE
	EndGlobalSection
	GlobalSection(ExtensibilityGlobals) = postSolution
		SolutionGuid = {6E0C6EDD-8F1E-488D-AB1D-D56ACC54D2EC}
	EndGlobalSection
EndGlobal
